
Microsoft Visual Studio Solution File, Format Version 12.00
# Visual Studio Version 16
VisualStudioVersion = 16.0.31025.194
MinimumVisualStudioVersion = 10.0.40219.1
Project("{FAE04EC0-301F-11D3-BF4B-00C04F79EFBC}") = "Vikings", "Vikings.csproj", "{913DB575-E75A-4618-81C2-363C96785480}"
EndProject
Global
	GlobalSection(SolutionConfigurationPlatforms) = preSolution
		Debug|Any CPU = Debug|Any CPU
		Release|Any CPU = Release|Any CPU
	EndGlobalSection
	GlobalSection(ProjectConfigurationPlatforms) = postSolution
		{913DB575-E75A-4618-81C2-363C96785480}.Debug|Any CPU.ActiveCfg = Debug|Any CPU
		{913DB575-E75A-4618-81C2-363C96785480}.Debug|Any CPU.Build.0 = Debug|Any CPU
		{913DB575-E75A-4618-81C2-363C96785480}.Release|Any CPU.ActiveCfg = Release|Any CPU
		{913DB575-E75A-4618-81C2-363C96785480}.Release|Any CPU.Build.0 = Release|Any CPU
	EndGlobalSection
	GlobalSection(SolutionProperties) = preSolution
		HideSolutionNode = FALSE
	EndGlobalSection
	GlobalSection(ExtensibilityGlobals) = postSolution
		SolutionGuid = {F20D3254-873C-442A-AB30-73F43613D424}
	EndGlobalSection
EndGlobal
